// !$*UTF8*$!
{
	archiveVersion = 1;
	classes = {
	};
	objectVersion = 51;
	objects = {

/* Begin PBXBuildFile section */
		1F301DC423F0681300F18B7E /* AppDelegate.swift in Sources */ = {isa = PBXBuildFile; fileRef = 1F301DC323F0681300F18B7E /* AppDelegate.swift */; };
		1F301DC623F0681300F18B7E /* SceneDelegate.swift in Sources */ = {isa = PBXBuildFile; fileRef = 1F301DC523F0681300F18B7E /* SceneDelegate.swift */; };
		1F301DC923F0681300F18B7E /* WoMoPlaces.xcdatamodeld in Sources */ = {isa = PBXBuildFile; fileRef = 1F301DC723F0681300F18B7E /* WoMoPlaces.xcdatamodeld */; };
		1F301DCD23F0681600F18B7E /* Assets.xcassets in Resources */ = {isa = PBXBuildFile; fileRef = 1F301DCC23F0681600F18B7E /* Assets.xcassets */; };
		1F301DD023F0681600F18B7E /* Preview Assets.xcassets in Resources */ = {isa = PBXBuildFile; fileRef = 1F301DCF23F0681600F18B7E /* Preview Assets.xcassets */; };
		1F301DD323F0681600F18B7E /* LaunchScreen.storyboard in Resources */ = {isa = PBXBuildFile; fileRef = 1F301DD123F0681600F18B7E /* LaunchScreen.storyboard */; };
		1F301DDE23F0681600F18B7E /* WoMoPlacesTests.swift in Sources */ = {isa = PBXBuildFile; fileRef = 1F301DDD23F0681600F18B7E /* WoMoPlacesTests.swift */; };
		1F301DE923F0681600F18B7E /* WoMoPlacesUITests.swift in Sources */ = {isa = PBXBuildFile; fileRef = 1F301DE823F0681600F18B7E /* WoMoPlacesUITests.swift */; };
		1F301DF923F0B2C400F18B7E /* MainListView.swift in Sources */ = {isa = PBXBuildFile; fileRef = 1F301DF823F0B2C400F18B7E /* MainListView.swift */; };
		1F301DFB23F0B44300F18B7E /* Creator.swift in Sources */ = {isa = PBXBuildFile; fileRef = 1F301DFA23F0B44300F18B7E /* Creator.swift */; };
		1F301DFE23F0BBDA00F18B7E /* PoiDetailsView.swift in Sources */ = {isa = PBXBuildFile; fileRef = 1F301DFD23F0BBDA00F18B7E /* PoiDetailsView.swift */; };
		1F301E0123F0BCC500F18B7E /* MainListRow.swift in Sources */ = {isa = PBXBuildFile; fileRef = 1F301E0023F0BCC500F18B7E /* MainListRow.swift */; };
		1F7FE15323F1D77100DE93B9 /* MapView.swift in Sources */ = {isa = PBXBuildFile; fileRef = 1F7FE15223F1D77100DE93B9 /* MapView.swift */; };
		1F7FE15723F1DB6100DE93B9 /* VideoView.swift in Sources */ = {isa = PBXBuildFile; fileRef = 1F7FE15623F1DB6100DE93B9 /* VideoView.swift */; };
		1F7FE15A23F2907700DE93B9 /* MainListRowViewModel.swift in Sources */ = {isa = PBXBuildFile; fileRef = 1F7FE15923F2907700DE93B9 /* MainListRowViewModel.swift */; };
		1F7FE15C23F290BD00DE93B9 /* PoiDetailsViewModel.swift in Sources */ = {isa = PBXBuildFile; fileRef = 1F7FE15B23F290BD00DE93B9 /* PoiDetailsViewModel.swift */; };
		1F7FE15F23F2913A00DE93B9 /* String.swift in Sources */ = {isa = PBXBuildFile; fileRef = 1F7FE15E23F2913A00DE93B9 /* String.swift */; };
		1FA8329023F4753000EDCC76 /* WebView.swift in Sources */ = {isa = PBXBuildFile; fileRef = 1FA8328F23F4753000EDCC76 /* WebView.swift */; };
		3F1393543E991BD4411AE71E /* Pods_WoMoPlacesTests.framework in Frameworks */ = {isa = PBXBuildFile; fileRef = 184419250EFE451F1A02A430 /* Pods_WoMoPlacesTests.framework */; };
		5635F303D6EFE523091492AA /* Pods_WoMoPlaces_WoMoPlacesUITests.framework in Frameworks */ = {isa = PBXBuildFile; fileRef = 132D9223BBDD58CFD390272B /* Pods_WoMoPlaces_WoMoPlacesUITests.framework */; };
		EAA672AC975BAB466EC0FAC3 /* Pods_WoMoPlaces.framework in Frameworks */ = {isa = PBXBuildFile; fileRef = 2ED9C784A51515C70B44430D /* Pods_WoMoPlaces.framework */; };
/* End PBXBuildFile section */

/* Begin PBXContainerItemProxy section */
		1F301DDA23F0681600F18B7E /* PBXContainerItemProxy */ = {
			isa = PBXContainerItemProxy;
			containerPortal = 1F301DB823F0681300F18B7E /* Project object */;
			proxyType = 1;
			remoteGlobalIDString = 1F301DBF23F0681300F18B7E;
			remoteInfo = WoMoPlaces;
		};
		1F301DE523F0681600F18B7E /* PBXContainerItemProxy */ = {
			isa = PBXContainerItemProxy;
			containerPortal = 1F301DB823F0681300F18B7E /* Project object */;
			proxyType = 1;
			remoteGlobalIDString = 1F301DBF23F0681300F18B7E;
			remoteInfo = WoMoPlaces;
		};
/* End PBXContainerItemProxy section */

/* Begin PBXFileReference section */
		132D9223BBDD58CFD390272B /* Pods_WoMoPlaces_WoMoPlacesUITests.framework */ = {isa = PBXFileReference; explicitFileType = wrapper.framework; includeInIndex = 0; path = Pods_WoMoPlaces_WoMoPlacesUITests.framework; sourceTree = BUILT_PRODUCTS_DIR; };
		184419250EFE451F1A02A430 /* Pods_WoMoPlacesTests.framework */ = {isa = PBXFileReference; explicitFileType = wrapper.framework; includeInIndex = 0; path = Pods_WoMoPlacesTests.framework; sourceTree = BUILT_PRODUCTS_DIR; };
		1F301DC023F0681300F18B7E /* WoMoPlaces.app */ = {isa = PBXFileReference; explicitFileType = wrapper.application; includeInIndex = 0; path = WoMoPlaces.app; sourceTree = BUILT_PRODUCTS_DIR; };
		1F301DC323F0681300F18B7E /* AppDelegate.swift */ = {isa = PBXFileReference; lastKnownFileType = sourcecode.swift; path = AppDelegate.swift; sourceTree = "<group>"; };
		1F301DC523F0681300F18B7E /* SceneDelegate.swift */ = {isa = PBXFileReference; lastKnownFileType = sourcecode.swift; path = SceneDelegate.swift; sourceTree = "<group>"; };
		1F301DC823F0681300F18B7E /* WoMoPlaces.xcdatamodel */ = {isa = PBXFileReference; lastKnownFileType = wrapper.xcdatamodel; path = WoMoPlaces.xcdatamodel; sourceTree = "<group>"; };
		1F301DCC23F0681600F18B7E /* Assets.xcassets */ = {isa = PBXFileReference; lastKnownFileType = folder.assetcatalog; path = Assets.xcassets; sourceTree = "<group>"; };
		1F301DCF23F0681600F18B7E /* Preview Assets.xcassets */ = {isa = PBXFileReference; lastKnownFileType = folder.assetcatalog; path = "Preview Assets.xcassets"; sourceTree = "<group>"; };
		1F301DD223F0681600F18B7E /* Base */ = {isa = PBXFileReference; lastKnownFileType = file.storyboard; name = Base; path = Base.lproj/LaunchScreen.storyboard; sourceTree = "<group>"; };
		1F301DD423F0681600F18B7E /* Info.plist */ = {isa = PBXFileReference; lastKnownFileType = text.plist.xml; path = Info.plist; sourceTree = "<group>"; };
		1F301DD923F0681600F18B7E /* WoMoPlacesTests.xctest */ = {isa = PBXFileReference; explicitFileType = wrapper.cfbundle; includeInIndex = 0; path = WoMoPlacesTests.xctest; sourceTree = BUILT_PRODUCTS_DIR; };
		1F301DDD23F0681600F18B7E /* WoMoPlacesTests.swift */ = {isa = PBXFileReference; lastKnownFileType = sourcecode.swift; path = WoMoPlacesTests.swift; sourceTree = "<group>"; };
		1F301DDF23F0681600F18B7E /* Info.plist */ = {isa = PBXFileReference; lastKnownFileType = text.plist.xml; path = Info.plist; sourceTree = "<group>"; };
		1F301DE423F0681600F18B7E /* WoMoPlacesUITests.xctest */ = {isa = PBXFileReference; explicitFileType = wrapper.cfbundle; includeInIndex = 0; path = WoMoPlacesUITests.xctest; sourceTree = BUILT_PRODUCTS_DIR; };
		1F301DE823F0681600F18B7E /* WoMoPlacesUITests.swift */ = {isa = PBXFileReference; lastKnownFileType = sourcecode.swift; path = WoMoPlacesUITests.swift; sourceTree = "<group>"; };
		1F301DEA23F0681600F18B7E /* Info.plist */ = {isa = PBXFileReference; lastKnownFileType = text.plist.xml; path = Info.plist; sourceTree = "<group>"; };
		1F301DF823F0B2C400F18B7E /* MainListView.swift */ = {isa = PBXFileReference; lastKnownFileType = sourcecode.swift; path = MainListView.swift; sourceTree = "<group>"; };
		1F301DFA23F0B44300F18B7E /* Creator.swift */ = {isa = PBXFileReference; lastKnownFileType = sourcecode.swift; path = Creator.swift; sourceTree = "<group>"; };
		1F301DFD23F0BBDA00F18B7E /* PoiDetailsView.swift */ = {isa = PBXFileReference; lastKnownFileType = sourcecode.swift; path = PoiDetailsView.swift; sourceTree = "<group>"; };
		1F301E0023F0BCC500F18B7E /* MainListRow.swift */ = {isa = PBXFileReference; lastKnownFileType = sourcecode.swift; path = MainListRow.swift; sourceTree = "<group>"; };
		1F7FE15223F1D77100DE93B9 /* MapView.swift */ = {isa = PBXFileReference; lastKnownFileType = sourcecode.swift; path = MapView.swift; sourceTree = "<group>"; };
		1F7FE15623F1DB6100DE93B9 /* VideoView.swift */ = {isa = PBXFileReference; lastKnownFileType = sourcecode.swift; path = VideoView.swift; sourceTree = "<group>"; };
		1F7FE15923F2907700DE93B9 /* MainListRowViewModel.swift */ = {isa = PBXFileReference; lastKnownFileType = sourcecode.swift; path = MainListRowViewModel.swift; sourceTree = "<group>"; };
		1F7FE15B23F290BD00DE93B9 /* PoiDetailsViewModel.swift */ = {isa = PBXFileReference; lastKnownFileType = sourcecode.swift; path = PoiDetailsViewModel.swift; sourceTree = "<group>"; };
		1F7FE15E23F2913A00DE93B9 /* String.swift */ = {isa = PBXFileReference; lastKnownFileType = sourcecode.swift; path = String.swift; sourceTree = "<group>"; };
		1FA8328F23F4753000EDCC76 /* WebView.swift */ = {isa = PBXFileReference; lastKnownFileType = sourcecode.swift; path = WebView.swift; sourceTree = "<group>"; };
		2ED9C784A51515C70B44430D /* Pods_WoMoPlaces.framework */ = {isa = PBXFileReference; explicitFileType = wrapper.framework; includeInIndex = 0; path = Pods_WoMoPlaces.framework; sourceTree = BUILT_PRODUCTS_DIR; };
		334FE125C7B5F36576CF9B5C /* Pods-WoMoPlaces.release.xcconfig */ = {isa = PBXFileReference; includeInIndex = 1; lastKnownFileType = text.xcconfig; name = "Pods-WoMoPlaces.release.xcconfig"; path = "Target Support Files/Pods-WoMoPlaces/Pods-WoMoPlaces.release.xcconfig"; sourceTree = "<group>"; };
		7CC577945EA92FD22679F889 /* Pods-WoMoPlacesTests.debug.xcconfig */ = {isa = PBXFileReference; includeInIndex = 1; lastKnownFileType = text.xcconfig; name = "Pods-WoMoPlacesTests.debug.xcconfig"; path = "Target Support Files/Pods-WoMoPlacesTests/Pods-WoMoPlacesTests.debug.xcconfig"; sourceTree = "<group>"; };
		9DDED74544947C3CD95D295E /* Pods-WoMoPlacesTests.release.xcconfig */ = {isa = PBXFileReference; includeInIndex = 1; lastKnownFileType = text.xcconfig; name = "Pods-WoMoPlacesTests.release.xcconfig"; path = "Target Support Files/Pods-WoMoPlacesTests/Pods-WoMoPlacesTests.release.xcconfig"; sourceTree = "<group>"; };
		CA9F3336F5A148285A03E30E /* Pods-WoMoPlaces-WoMoPlacesUITests.debug.xcconfig */ = {isa = PBXFileReference; includeInIndex = 1; lastKnownFileType = text.xcconfig; name = "Pods-WoMoPlaces-WoMoPlacesUITests.debug.xcconfig"; path = "Target Support Files/Pods-WoMoPlaces-WoMoPlacesUITests/Pods-WoMoPlaces-WoMoPlacesUITests.debug.xcconfig"; sourceTree = "<group>"; };
		CB71A89F5F9E7959808BD384 /* Pods-WoMoPlaces.debug.xcconfig */ = {isa = PBXFileReference; includeInIndex = 1; lastKnownFileType = text.xcconfig; name = "Pods-WoMoPlaces.debug.xcconfig"; path = "Target Support Files/Pods-WoMoPlaces/Pods-WoMoPlaces.debug.xcconfig"; sourceTree = "<group>"; };
		E381F419F3D197BBEDDBFC15 /* Pods-WoMoPlaces-WoMoPlacesUITests.release.xcconfig */ = {isa = PBXFileReference; includeInIndex = 1; lastKnownFileType = text.xcconfig; name = "Pods-WoMoPlaces-WoMoPlacesUITests.release.xcconfig"; path = "Target Support Files/Pods-WoMoPlaces-WoMoPlacesUITests/Pods-WoMoPlaces-WoMoPlacesUITests.release.xcconfig"; sourceTree = "<group>"; };
/* End PBXFileReference section */

/* Begin PBXFrameworksBuildPhase section */
		1F301DBD23F0681300F18B7E /* Frameworks */ = {
			isa = PBXFrameworksBuildPhase;
			buildActionMask = 2147483647;
			files = (
				EAA672AC975BAB466EC0FAC3 /* Pods_WoMoPlaces.framework in Frameworks */,
			);
			runOnlyForDeploymentPostprocessing = 0;
		};
		1F301DD623F0681600F18B7E /* Frameworks */ = {
			isa = PBXFrameworksBuildPhase;
			buildActionMask = 2147483647;
			files = (
				3F1393543E991BD4411AE71E /* Pods_WoMoPlacesTests.framework in Frameworks */,
			);
			runOnlyForDeploymentPostprocessing = 0;
		};
		1F301DE123F0681600F18B7E /* Frameworks */ = {
			isa = PBXFrameworksBuildPhase;
			buildActionMask = 2147483647;
			files = (
				5635F303D6EFE523091492AA /* Pods_WoMoPlaces_WoMoPlacesUITests.framework in Frameworks */,
			);
			runOnlyForDeploymentPostprocessing = 0;
		};
/* End PBXFrameworksBuildPhase section */

/* Begin PBXGroup section */
		1F301DB723F0681300F18B7E = {
			isa = PBXGroup;
			children = (
				1F301DC223F0681300F18B7E /* WoMoPlaces */,
				1F301DDC23F0681600F18B7E /* WoMoPlacesTests */,
				1F301DE723F0681600F18B7E /* WoMoPlacesUITests */,
				1F301DC123F0681300F18B7E /* Products */,
				8538E568CABD50DF885BD821 /* Pods */,
				C72D9E21902DA21FCF9CE3BF /* Frameworks */,
			);
			sourceTree = "<group>";
		};
		1F301DC123F0681300F18B7E /* Products */ = {
			isa = PBXGroup;
			children = (
				1F301DC023F0681300F18B7E /* WoMoPlaces.app */,
				1F301DD923F0681600F18B7E /* WoMoPlacesTests.xctest */,
				1F301DE423F0681600F18B7E /* WoMoPlacesUITests.xctest */,
			);
			name = Products;
			sourceTree = "<group>";
		};
		1F301DC223F0681300F18B7E /* WoMoPlaces */ = {
			isa = PBXGroup;
			children = (
				1F7FE15D23F2912A00DE93B9 /* Extensions */,
				1F301DF623F0B29700F18B7E /* Views */,
				1F301DF723F0B2A100F18B7E /* Models */,
				1F7FE15823F20D3400DE93B9 /* ViewModels */,
				1F301DC323F0681300F18B7E /* AppDelegate.swift */,
				1F301DC523F0681300F18B7E /* SceneDelegate.swift */,
				1F301DCC23F0681600F18B7E /* Assets.xcassets */,
				1F301DD123F0681600F18B7E /* LaunchScreen.storyboard */,
				1F301DD423F0681600F18B7E /* Info.plist */,
				1F301DCE23F0681600F18B7E /* Preview Content */,
			);
			path = WoMoPlaces;
			sourceTree = "<group>";
		};
		1F301DCE23F0681600F18B7E /* Preview Content */ = {
			isa = PBXGroup;
			children = (
				1F301DCF23F0681600F18B7E /* Preview Assets.xcassets */,
			);
			path = "Preview Content";
			sourceTree = "<group>";
		};
		1F301DDC23F0681600F18B7E /* WoMoPlacesTests */ = {
			isa = PBXGroup;
			children = (
				1F301DDD23F0681600F18B7E /* WoMoPlacesTests.swift */,
				1F301DDF23F0681600F18B7E /* Info.plist */,
			);
			path = WoMoPlacesTests;
			sourceTree = "<group>";
		};
		1F301DE723F0681600F18B7E /* WoMoPlacesUITests */ = {
			isa = PBXGroup;
			children = (
				1F301DE823F0681600F18B7E /* WoMoPlacesUITests.swift */,
				1F301DEA23F0681600F18B7E /* Info.plist */,
			);
			path = WoMoPlacesUITests;
			sourceTree = "<group>";
		};
		1F301DF623F0B29700F18B7E /* Views */ = {
			isa = PBXGroup;
			children = (
				1F301DFF23F0BCAE00F18B7E /* Components */,
				1F301DFC23F0BBC900F18B7E /* Details */,
				1F301DF823F0B2C400F18B7E /* MainListView.swift */,
			);
			path = Views;
			sourceTree = "<group>";
		};
		1F301DF723F0B2A100F18B7E /* Models */ = {
			isa = PBXGroup;
			children = (
				1F301DC723F0681300F18B7E /* WoMoPlaces.xcdatamodeld */,
				1F301DFA23F0B44300F18B7E /* Creator.swift */,
			);
			path = Models;
			sourceTree = "<group>";
		};
		1F301DFC23F0BBC900F18B7E /* Details */ = {
			isa = PBXGroup;
			children = (
				1F301DFD23F0BBDA00F18B7E /* PoiDetailsView.swift */,
				1F7FE15623F1DB6100DE93B9 /* VideoView.swift */,
			);
			path = Details;
			sourceTree = "<group>";
		};
		1F301DFF23F0BCAE00F18B7E /* Components */ = {
			isa = PBXGroup;
			children = (
				1F301E0023F0BCC500F18B7E /* MainListRow.swift */,
				1F7FE15223F1D77100DE93B9 /* MapView.swift */,
				1FA8328F23F4753000EDCC76 /* WebView.swift */,
			);
			path = Components;
			sourceTree = "<group>";
		};
		1F7FE15823F20D3400DE93B9 /* ViewModels */ = {
			isa = PBXGroup;
			children = (
				1F7FE15923F2907700DE93B9 /* MainListRowViewModel.swift */,
				1F7FE15B23F290BD00DE93B9 /* PoiDetailsViewModel.swift */,
			);
			path = ViewModels;
			sourceTree = "<group>";
		};
		1F7FE15D23F2912A00DE93B9 /* Extensions */ = {
			isa = PBXGroup;
			children = (
				1F7FE15E23F2913A00DE93B9 /* String.swift */,
			);
			path = Extensions;
			sourceTree = "<group>";
		};
		8538E568CABD50DF885BD821 /* Pods */ = {
			isa = PBXGroup;
			children = (
				CB71A89F5F9E7959808BD384 /* Pods-WoMoPlaces.debug.xcconfig */,
				334FE125C7B5F36576CF9B5C /* Pods-WoMoPlaces.release.xcconfig */,
				CA9F3336F5A148285A03E30E /* Pods-WoMoPlaces-WoMoPlacesUITests.debug.xcconfig */,
				E381F419F3D197BBEDDBFC15 /* Pods-WoMoPlaces-WoMoPlacesUITests.release.xcconfig */,
				7CC577945EA92FD22679F889 /* Pods-WoMoPlacesTests.debug.xcconfig */,
				9DDED74544947C3CD95D295E /* Pods-WoMoPlacesTests.release.xcconfig */,
			);
			path = Pods;
			sourceTree = "<group>";
		};
		C72D9E21902DA21FCF9CE3BF /* Frameworks */ = {
			isa = PBXGroup;
			children = (
				2ED9C784A51515C70B44430D /* Pods_WoMoPlaces.framework */,
				132D9223BBDD58CFD390272B /* Pods_WoMoPlaces_WoMoPlacesUITests.framework */,
				184419250EFE451F1A02A430 /* Pods_WoMoPlacesTests.framework */,
			);
			name = Frameworks;
			sourceTree = "<group>";
		};
/* End PBXGroup section */

/* Begin PBXNativeTarget section */
		1F301DBF23F0681300F18B7E /* WoMoPlaces */ = {
			isa = PBXNativeTarget;
			buildConfigurationList = 1F301DED23F0681600F18B7E /* Build configuration list for PBXNativeTarget "WoMoPlaces" */;
			buildPhases = (
				04FFF2D5D20E2E7A65BBC2E7 /* [CP] Check Pods Manifest.lock */,
				1F301DBC23F0681300F18B7E /* Sources */,
				1F301DBD23F0681300F18B7E /* Frameworks */,
				1F301DBE23F0681300F18B7E /* Resources */,
				BB809F14A963316813D09D6E /* [CP] Embed Pods Frameworks */,
			);
			buildRules = (
			);
			dependencies = (
			);
			name = WoMoPlaces;
			productName = WoMoPlaces;
			productReference = 1F301DC023F0681300F18B7E /* WoMoPlaces.app */;
			productType = "com.apple.product-type.application";
		};
		1F301DD823F0681600F18B7E /* WoMoPlacesTests */ = {
			isa = PBXNativeTarget;
			buildConfigurationList = 1F301DF023F0681600F18B7E /* Build configuration list for PBXNativeTarget "WoMoPlacesTests" */;
			buildPhases = (
				9540EA3EBC707C916E9DB6FD /* [CP] Check Pods Manifest.lock */,
				1F301DD523F0681600F18B7E /* Sources */,
				1F301DD623F0681600F18B7E /* Frameworks */,
				1F301DD723F0681600F18B7E /* Resources */,
			);
			buildRules = (
			);
			dependencies = (
				1F301DDB23F0681600F18B7E /* PBXTargetDependency */,
			);
			name = WoMoPlacesTests;
			productName = WoMoPlacesTests;
			productReference = 1F301DD923F0681600F18B7E /* WoMoPlacesTests.xctest */;
			productType = "com.apple.product-type.bundle.unit-test";
		};
		1F301DE323F0681600F18B7E /* WoMoPlacesUITests */ = {
			isa = PBXNativeTarget;
			buildConfigurationList = 1F301DF323F0681600F18B7E /* Build configuration list for PBXNativeTarget "WoMoPlacesUITests" */;
			buildPhases = (
				14B4892F1396CAEC0BFE2FFD /* [CP] Check Pods Manifest.lock */,
				1F301DE023F0681600F18B7E /* Sources */,
				1F301DE123F0681600F18B7E /* Frameworks */,
				1F301DE223F0681600F18B7E /* Resources */,
				D77C189DE440E93A4E2D1E9C /* [CP] Embed Pods Frameworks */,
			);
			buildRules = (
			);
			dependencies = (
				1F301DE623F0681600F18B7E /* PBXTargetDependency */,
			);
			name = WoMoPlacesUITests;
			productName = WoMoPlacesUITests;
			productReference = 1F301DE423F0681600F18B7E /* WoMoPlacesUITests.xctest */;
			productType = "com.apple.product-type.bundle.ui-testing";
		};
/* End PBXNativeTarget section */

/* Begin PBXProject section */
		1F301DB823F0681300F18B7E /* Project object */ = {
			isa = PBXProject;
			attributes = {
				LastSwiftUpdateCheck = 1130;
				LastUpgradeCheck = 1130;
				ORGANIZATIONNAME = "Marcel Benders";
				TargetAttributes = {
					1F301DBF23F0681300F18B7E = {
						CreatedOnToolsVersion = 11.3.1;
					};
					1F301DD823F0681600F18B7E = {
						CreatedOnToolsVersion = 11.3.1;
						TestTargetID = 1F301DBF23F0681300F18B7E;
					};
					1F301DE323F0681600F18B7E = {
						CreatedOnToolsVersion = 11.3.1;
						TestTargetID = 1F301DBF23F0681300F18B7E;
					};
				};
			};
			buildConfigurationList = 1F301DBB23F0681300F18B7E /* Build configuration list for PBXProject "WoMoPlaces" */;
			compatibilityVersion = "Xcode 9.3";
			developmentRegion = en;
			hasScannedForEncodings = 0;
			knownRegions = (
				en,
				Base,
			);
			mainGroup = 1F301DB723F0681300F18B7E;
			productRefGroup = 1F301DC123F0681300F18B7E /* Products */;
			projectDirPath = "";
			projectRoot = "";
			targets = (
				1F301DBF23F0681300F18B7E /* WoMoPlaces */,
				1F301DD823F0681600F18B7E /* WoMoPlacesTests */,
				1F301DE323F0681600F18B7E /* WoMoPlacesUITests */,
			);
		};
/* End PBXProject section */

/* Begin PBXResourcesBuildPhase section */
		1F301DBE23F0681300F18B7E /* Resources */ = {
			isa = PBXResourcesBuildPhase;
			buildActionMask = 2147483647;
			files = (
				1F301DD323F0681600F18B7E /* LaunchScreen.storyboard in Resources */,
				1F301DD023F0681600F18B7E /* Preview Assets.xcassets in Resources */,
				1F301DCD23F0681600F18B7E /* Assets.xcassets in Resources */,
			);
			runOnlyForDeploymentPostprocessing = 0;
		};
		1F301DD723F0681600F18B7E /* Resources */ = {
			isa = PBXResourcesBuildPhase;
			buildActionMask = 2147483647;
			files = (
			);
			runOnlyForDeploymentPostprocessing = 0;
		};
		1F301DE223F0681600F18B7E /* Resources */ = {
			isa = PBXResourcesBuildPhase;
			buildActionMask = 2147483647;
			files = (
			);
			runOnlyForDeploymentPostprocessing = 0;
		};
/* End PBXResourcesBuildPhase section */

/* Begin PBXShellScriptBuildPhase section */
		04FFF2D5D20E2E7A65BBC2E7 /* [CP] Check Pods Manifest.lock */ = {
			isa = PBXShellScriptBuildPhase;
			buildActionMask = 2147483647;
			files = (
			);
			inputFileListPaths = (
			);
			inputPaths = (
				"${PODS_PODFILE_DIR_PATH}/Podfile.lock",
				"${PODS_ROOT}/Manifest.lock",
			);
			name = "[CP] Check Pods Manifest.lock";
			outputFileListPaths = (
			);
			outputPaths = (
				"$(DERIVED_FILE_DIR)/Pods-WoMoPlaces-checkManifestLockResult.txt",
			);
			runOnlyForDeploymentPostprocessing = 0;
			shellPath = /bin/sh;
			shellScript = "diff \"${PODS_PODFILE_DIR_PATH}/Podfile.lock\" \"${PODS_ROOT}/Manifest.lock\" > /dev/null\nif [ $? != 0 ] ; then\n    # print error to STDERR\n    echo \"error: The sandbox is not in sync with the Podfile.lock. Run 'pod install' or update your CocoaPods installation.\" >&2\n    exit 1\nfi\n# This output is used by Xcode 'outputs' to avoid re-running this script phase.\necho \"SUCCESS\" > \"${SCRIPT_OUTPUT_FILE_0}\"\n";
			showEnvVarsInLog = 0;
		};
		14B4892F1396CAEC0BFE2FFD /* [CP] Check Pods Manifest.lock */ = {
			isa = PBXShellScriptBuildPhase;
			buildActionMask = 2147483647;
			files = (
			);
			inputFileListPaths = (
			);
			inputPaths = (
				"${PODS_PODFILE_DIR_PATH}/Podfile.lock",
				"${PODS_ROOT}/Manifest.lock",
			);
			name = "[CP] Check Pods Manifest.lock";
			outputFileListPaths = (
			);
			outputPaths = (
				"$(DERIVED_FILE_DIR)/Pods-WoMoPlaces-WoMoPlacesUITests-checkManifestLockResult.txt",
			);
			runOnlyForDeploymentPostprocessing = 0;
			shellPath = /bin/sh;
			shellScript = "diff \"${PODS_PODFILE_DIR_PATH}/Podfile.lock\" \"${PODS_ROOT}/Manifest.lock\" > /dev/null\nif [ $? != 0 ] ; then\n    # print error to STDERR\n    echo \"error: The sandbox is not in sync with the Podfile.lock. Run 'pod install' or update your CocoaPods installation.\" >&2\n    exit 1\nfi\n# This output is used by Xcode 'outputs' to avoid re-running this script phase.\necho \"SUCCESS\" > \"${SCRIPT_OUTPUT_FILE_0}\"\n";
			showEnvVarsInLog = 0;
		};
		9540EA3EBC707C916E9DB6FD /* [CP] Check Pods Manifest.lock */ = {
			isa = PBXShellScriptBuildPhase;
			buildActionMask = 2147483647;
			files = (
			);
			inputFileListPaths = (
			);
			inputPaths = (
				"${PODS_PODFILE_DIR_PATH}/Podfile.lock",
				"${PODS_ROOT}/Manifest.lock",
			);
			name = "[CP] Check Pods Manifest.lock";
			outputFileListPaths = (
			);
			outputPaths = (
				"$(DERIVED_FILE_DIR)/Pods-WoMoPlacesTests-checkManifestLockResult.txt",
			);
			runOnlyForDeploymentPostprocessing = 0;
			shellPath = /bin/sh;
			shellScript = "diff \"${PODS_PODFILE_DIR_PATH}/Podfile.lock\" \"${PODS_ROOT}/Manifest.lock\" > /dev/null\nif [ $? != 0 ] ; then\n    # print error to STDERR\n    echo \"error: The sandbox is not in sync with the Podfile.lock. Run 'pod install' or update your CocoaPods installation.\" >&2\n    exit 1\nfi\n# This output is used by Xcode 'outputs' to avoid re-running this script phase.\necho \"SUCCESS\" > \"${SCRIPT_OUTPUT_FILE_0}\"\n";
			showEnvVarsInLog = 0;
		};
		BB809F14A963316813D09D6E /* [CP] Embed Pods Frameworks */ = {
			isa = PBXShellScriptBuildPhase;
			buildActionMask = 2147483647;
			files = (
			);
			inputFileListPaths = (
				"${PODS_ROOT}/Target Support Files/Pods-WoMoPlaces/Pods-WoMoPlaces-frameworks-${CONFIGURATION}-input-files.xcfilelist",
			);
			name = "[CP] Embed Pods Frameworks";
			outputFileListPaths = (
				"${PODS_ROOT}/Target Support Files/Pods-WoMoPlaces/Pods-WoMoPlaces-frameworks-${CONFIGURATION}-output-files.xcfilelist",
			);
			runOnlyForDeploymentPostprocessing = 0;
			shellPath = /bin/sh;
			shellScript = "\"${PODS_ROOT}/Target Support Files/Pods-WoMoPlaces/Pods-WoMoPlaces-frameworks.sh\"\n";
			showEnvVarsInLog = 0;
		};
		D77C189DE440E93A4E2D1E9C /* [CP] Embed Pods Frameworks */ = {
			isa = PBXShellScriptBuildPhase;
			buildActionMask = 2147483647;
			files = (
			);
			inputFileListPaths = (
				"${PODS_ROOT}/Target Support Files/Pods-WoMoPlaces-WoMoPlacesUITests/Pods-WoMoPlaces-WoMoPlacesUITests-frameworks-${CONFIGURATION}-input-files.xcfilelist",
			);
			name = "[CP] Embed Pods Frameworks";
			outputFileListPaths = (
				"${PODS_ROOT}/Target Support Files/Pods-WoMoPlaces-WoMoPlacesUITests/Pods-WoMoPlaces-WoMoPlacesUITests-frameworks-${CONFIGURATION}-output-files.xcfilelist",
			);
			runOnlyForDeploymentPostprocessing = 0;
			shellPath = /bin/sh;
			shellScript = "\"${PODS_ROOT}/Target Support Files/Pods-WoMoPlaces-WoMoPlacesUITests/Pods-WoMoPlaces-WoMoPlacesUITests-frameworks.sh\"\n";
			showEnvVarsInLog = 0;
		};
/* End PBXShellScriptBuildPhase section */

/* Begin PBXSourcesBuildPhase section */
		1F301DBC23F0681300F18B7E /* Sources */ = {
			isa = PBXSourcesBuildPhase;
			buildActionMask = 2147483647;
			files = (
				1F301E0123F0BCC500F18B7E /* MainListRow.swift in Sources */,
				1F7FE15F23F2913A00DE93B9 /* String.swift in Sources */,
				1F7FE15323F1D77100DE93B9 /* MapView.swift in Sources */,
				1F7FE15A23F2907700DE93B9 /* MainListRowViewModel.swift in Sources */,
				1F301DF923F0B2C400F18B7E /* MainListView.swift in Sources */,
				1F301DC423F0681300F18B7E /* AppDelegate.swift in Sources */,
				1F301DFE23F0BBDA00F18B7E /* PoiDetailsView.swift in Sources */,
				1F7FE15C23F290BD00DE93B9 /* PoiDetailsViewModel.swift in Sources */,
				1F301DFB23F0B44300F18B7E /* Creator.swift in Sources */,
				1F7FE15723F1DB6100DE93B9 /* VideoView.swift in Sources */,
				1F301DC923F0681300F18B7E /* WoMoPlaces.xcdatamodeld in Sources */,
				1F301DC623F0681300F18B7E /* SceneDelegate.swift in Sources */,
				1FA8329023F4753000EDCC76 /* WebView.swift in Sources */,
			);
			runOnlyForDeploymentPostprocessing = 0;
		};
		1F301DD523F0681600F18B7E /* Sources */ = {
			isa = PBXSourcesBuildPhase;
			buildActionMask = 2147483647;
			files = (
				1F301DDE23F0681600F18B7E /* WoMoPlacesTests.swift in Sources */,
			);
			runOnlyForDeploymentPostprocessing = 0;
		};
		1F301DE023F0681600F18B7E /* Sources */ = {
			isa = PBXSourcesBuildPhase;
			buildActionMask = 2147483647;
			files = (
				1F301DE923F0681600F18B7E /* WoMoPlacesUITests.swift in Sources */,
			);
			runOnlyForDeploymentPostprocessing = 0;
		};
/* End PBXSourcesBuildPhase section */

/* Begin PBXTargetDependency section */
		1F301DDB23F0681600F18B7E /* PBXTargetDependency */ = {
			isa = PBXTargetDependency;
			target = 1F301DBF23F0681300F18B7E /* WoMoPlaces */;
			targetProxy = 1F301DDA23F0681600F18B7E /* PBXContainerItemProxy */;
		};
		1F301DE623F0681600F18B7E /* PBXTargetDependency */ = {
			isa = PBXTargetDependency;
			target = 1F301DBF23F0681300F18B7E /* WoMoPlaces */;
			targetProxy = 1F301DE523F0681600F18B7E /* PBXContainerItemProxy */;
		};
/* End PBXTargetDependency section */

/* Begin PBXVariantGroup section */
		1F301DD123F0681600F18B7E /* LaunchScreen.storyboard */ = {
			isa = PBXVariantGroup;
			children = (
				1F301DD223F0681600F18B7E /* Base */,
			);
			name = LaunchScreen.storyboard;
			sourceTree = "<group>";
		};
/* End PBXVariantGroup section */

/* Begin XCBuildConfiguration section */
		1F301DEB23F0681600F18B7E /* Debug */ = {
			isa = XCBuildConfiguration;
			buildSettings = {
				ALWAYS_SEARCH_USER_PATHS = NO;
				CLANG_ANALYZER_NONNULL = YES;
				CLANG_ANALYZER_NUMBER_OBJECT_CONVERSION = YES_AGGRESSIVE;
				CLANG_CXX_LANGUAGE_STANDARD = "gnu++14";
				CLANG_CXX_LIBRARY = "libc++";
				CLANG_ENABLE_MODULES = YES;
				CLANG_ENABLE_OBJC_ARC = YES;
				CLANG_ENABLE_OBJC_WEAK = YES;
				CLANG_WARN_BLOCK_CAPTURE_AUTORELEASING = YES;
				CLANG_WARN_BOOL_CONVERSION = YES;
				CLANG_WARN_COMMA = YES;
				CLANG_WARN_CONSTANT_CONVERSION = YES;
				CLANG_WARN_DEPRECATED_OBJC_IMPLEMENTATIONS = YES;
				CLANG_WARN_DIRECT_OBJC_ISA_USAGE = YES_ERROR;
				CLANG_WARN_DOCUMENTATION_COMMENTS = YES;
				CLANG_WARN_EMPTY_BODY = YES;
				CLANG_WARN_ENUM_CONVERSION = YES;
				CLANG_WARN_INFINITE_RECURSION = YES;
				CLANG_WARN_INT_CONVERSION = YES;
				CLANG_WARN_NON_LITERAL_NULL_CONVERSION = YES;
				CLANG_WARN_OBJC_IMPLICIT_RETAIN_SELF = YES;
				CLANG_WARN_OBJC_LITERAL_CONVERSION = YES;
				CLANG_WARN_OBJC_ROOT_CLASS = YES_ERROR;
				CLANG_WARN_RANGE_LOOP_ANALYSIS = YES;
				CLANG_WARN_STRICT_PROTOTYPES = YES;
				CLANG_WARN_SUSPICIOUS_MOVE = YES;
				CLANG_WARN_UNGUARDED_AVAILABILITY = YES_AGGRESSIVE;
				CLANG_WARN_UNREACHABLE_CODE = YES;
				CLANG_WARN__DUPLICATE_METHOD_MATCH = YES;
				COPY_PHASE_STRIP = NO;
				DEBUG_INFORMATION_FORMAT = dwarf;
				ENABLE_STRICT_OBJC_MSGSEND = YES;
				ENABLE_TESTABILITY = YES;
				GCC_C_LANGUAGE_STANDARD = gnu11;
				GCC_DYNAMIC_NO_PIC = NO;
				GCC_NO_COMMON_BLOCKS = YES;
				GCC_OPTIMIZATION_LEVEL = 0;
				GCC_PREPROCESSOR_DEFINITIONS = (
					"DEBUG=1",
					"$(inherited)",
				);
				GCC_WARN_64_TO_32_BIT_CONVERSION = YES;
				GCC_WARN_ABOUT_RETURN_TYPE = YES_ERROR;
				GCC_WARN_UNDECLARED_SELECTOR = YES;
				GCC_WARN_UNINITIALIZED_AUTOS = YES_AGGRESSIVE;
				GCC_WARN_UNUSED_FUNCTION = YES;
				GCC_WARN_UNUSED_VARIABLE = YES;
				IPHONEOS_DEPLOYMENT_TARGET = 13.0;
				MTL_ENABLE_DEBUG_INFO = INCLUDE_SOURCE;
				MTL_FAST_MATH = YES;
				ONLY_ACTIVE_ARCH = YES;
				SDKROOT = iphoneos;
				SWIFT_ACTIVE_COMPILATION_CONDITIONS = DEBUG;
				SWIFT_OPTIMIZATION_LEVEL = "-Onone";
			};
			name = Debug;
		};
		1F301DEC23F0681600F18B7E /* Release */ = {
			isa = XCBuildConfiguration;
			buildSettings = {
				ALWAYS_SEARCH_USER_PATHS = NO;
				CLANG_ANALYZER_NONNULL = YES;
				CLANG_ANALYZER_NUMBER_OBJECT_CONVERSION = YES_AGGRESSIVE;
				CLANG_CXX_LANGUAGE_STANDARD = "gnu++14";
				CLANG_CXX_LIBRARY = "libc++";
				CLANG_ENABLE_MODULES = YES;
				CLANG_ENABLE_OBJC_ARC = YES;
				CLANG_ENABLE_OBJC_WEAK = YES;
				CLANG_WARN_BLOCK_CAPTURE_AUTORELEASING = YES;
				CLANG_WARN_BOOL_CONVERSION = YES;
				CLANG_WARN_COMMA = YES;
				CLANG_WARN_CONSTANT_CONVERSION = YES;
				CLANG_WARN_DEPRECATED_OBJC_IMPLEMENTATIONS = YES;
				CLANG_WARN_DIRECT_OBJC_ISA_USAGE = YES_ERROR;
				CLANG_WARN_DOCUMENTATION_COMMENTS = YES;
				CLANG_WARN_EMPTY_BODY = YES;
				CLANG_WARN_ENUM_CONVERSION = YES;
				CLANG_WARN_INFINITE_RECURSION = YES;
				CLANG_WARN_INT_CONVERSION = YES;
				CLANG_WARN_NON_LITERAL_NULL_CONVERSION = YES;
				CLANG_WARN_OBJC_IMPLICIT_RETAIN_SELF = YES;
				CLANG_WARN_OBJC_LITERAL_CONVERSION = YES;
				CLANG_WARN_OBJC_ROOT_CLASS = YES_ERROR;
				CLANG_WARN_RANGE_LOOP_ANALYSIS = YES;
				CLANG_WARN_STRICT_PROTOTYPES = YES;
				CLANG_WARN_SUSPICIOUS_MOVE = YES;
				CLANG_WARN_UNGUARDED_AVAILABILITY = YES_AGGRESSIVE;
				CLANG_WARN_UNREACHABLE_CODE = YES;
				CLANG_WARN__DUPLICATE_METHOD_MATCH = YES;
				COPY_PHASE_STRIP = NO;
				DEBUG_INFORMATION_FORMAT = "dwarf-with-dsym";
				ENABLE_NS_ASSERTIONS = NO;
				ENABLE_STRICT_OBJC_MSGSEND = YES;
				GCC_C_LANGUAGE_STANDARD = gnu11;
				GCC_NO_COMMON_BLOCKS = YES;
				GCC_WARN_64_TO_32_BIT_CONVERSION = YES;
				GCC_WARN_ABOUT_RETURN_TYPE = YES_ERROR;
				GCC_WARN_UNDECLARED_SELECTOR = YES;
				GCC_WARN_UNINITIALIZED_AUTOS = YES_AGGRESSIVE;
				GCC_WARN_UNUSED_FUNCTION = YES;
				GCC_WARN_UNUSED_VARIABLE = YES;
				IPHONEOS_DEPLOYMENT_TARGET = 13.0;
				MTL_ENABLE_DEBUG_INFO = NO;
				MTL_FAST_MATH = YES;
				SDKROOT = iphoneos;
				SWIFT_COMPILATION_MODE = wholemodule;
				SWIFT_OPTIMIZATION_LEVEL = "-O";
				VALIDATE_PRODUCT = YES;
			};
			name = Release;
		};
		1F301DEE23F0681600F18B7E /* Debug */ = {
			isa = XCBuildConfiguration;
			baseConfigurationReference = CB71A89F5F9E7959808BD384 /* Pods-WoMoPlaces.debug.xcconfig */;
			buildSettings = {
				ASSETCATALOG_COMPILER_APPICON_NAME = AppIcon;
				CODE_SIGN_STYLE = Automatic;
				CURRENT_PROJECT_VERSION = 0.4;
				DEVELOPMENT_ASSET_PATHS = "\"WoMoPlaces/Preview Content\"";
				DEVELOPMENT_TEAM = 6GGU8ET2C4;
				ENABLE_PREVIEWS = YES;
				INFOPLIST_FILE = WoMoPlaces/Info.plist;
				LD_RUNPATH_SEARCH_PATHS = (
					"$(inherited)",
					"@executable_path/Frameworks",
				);
				MARKETING_VERSION = 0.0;
				PRODUCT_BUNDLE_IDENTIFIER = "com.b-velop.womoplaces";
				PRODUCT_NAME = "$(TARGET_NAME)";
				SWIFT_VERSION = 5.0;
				TARGETED_DEVICE_FAMILY = "1,2";
			};
			name = Debug;
		};
		1F301DEF23F0681600F18B7E /* Release */ = {
			isa = XCBuildConfiguration;
			baseConfigurationReference = 334FE125C7B5F36576CF9B5C /* Pods-WoMoPlaces.release.xcconfig */;
			buildSettings = {
				ASSETCATALOG_COMPILER_APPICON_NAME = AppIcon;
				CODE_SIGN_STYLE = Automatic;
				CURRENT_PROJECT_VERSION = 0.4;
				DEVELOPMENT_ASSET_PATHS = "\"WoMoPlaces/Preview Content\"";
				DEVELOPMENT_TEAM = 6GGU8ET2C4;
				ENABLE_PREVIEWS = YES;
				INFOPLIST_FILE = WoMoPlaces/Info.plist;
				LD_RUNPATH_SEARCH_PATHS = (
					"$(inherited)",
					"@executable_path/Frameworks",
				);
				MARKETING_VERSION = 0.0;
				PRODUCT_BUNDLE_IDENTIFIER = "com.b-velop.womoplaces";
				PRODUCT_NAME = "$(TARGET_NAME)";
				SWIFT_VERSION = 5.0;
				TARGETED_DEVICE_FAMILY = "1,2";
			};
			name = Release;
		};
		1F301DF123F0681600F18B7E /* Debug */ = {
			isa = XCBuildConfiguration;
			baseConfigurationReference = 7CC577945EA92FD22679F889 /* Pods-WoMoPlacesTests.debug.xcconfig */;
			buildSettings = {
				ALWAYS_EMBED_SWIFT_STANDARD_LIBRARIES = YES;
				BUNDLE_LOADER = "$(TEST_HOST)";
				CODE_SIGN_STYLE = Automatic;
				DEVELOPMENT_TEAM = 6GGU8ET2C4;
				INFOPLIST_FILE = WoMoPlacesTests/Info.plist;
				IPHONEOS_DEPLOYMENT_TARGET = 13.2;
				LD_RUNPATH_SEARCH_PATHS = (
					"$(inherited)",
					"@executable_path/Frameworks",
					"@loader_path/Frameworks",
				);
				PRODUCT_BUNDLE_IDENTIFIER = "com.b-velop.WoMoPlacesTests";
				PRODUCT_NAME = "$(TARGET_NAME)";
				SWIFT_VERSION = 5.0;
				TARGETED_DEVICE_FAMILY = "1,2";
				TEST_HOST = "$(BUILT_PRODUCTS_DIR)/WoMoPlaces.app/WoMoPlaces";
			};
			name = Debug;
		};
		1F301DF223F0681600F18B7E /* Release */ = {
			isa = XCBuildConfiguration;
			baseConfigurationReference = 9DDED74544947C3CD95D295E /* Pods-WoMoPlacesTests.release.xcconfig */;
			buildSettings = {
				ALWAYS_EMBED_SWIFT_STANDARD_LIBRARIES = YES;
				BUNDLE_LOADER = "$(TEST_HOST)";
				CODE_SIGN_STYLE = Automatic;
				DEVELOPMENT_TEAM = 6GGU8ET2C4;
				INFOPLIST_FILE = WoMoPlacesTests/Info.plist;
				IPHONEOS_DEPLOYMENT_TARGET = 13.2;
				LD_RUNPATH_SEARCH_PATHS = (
					"$(inherited)",
					"@executable_path/Frameworks",
					"@loader_path/Frameworks",
				);
				PRODUCT_BUNDLE_IDENTIFIER = "com.b-velop.WoMoPlacesTests";
				PRODUCT_NAME = "$(TARGET_NAME)";
				SWIFT_VERSION = 5.0;
				TARGETED_DEVICE_FAMILY = "1,2";
				TEST_HOST = "$(BUILT_PRODUCTS_DIR)/WoMoPlaces.app/WoMoPlaces";
			};
			name = Release;
		};
		1F301DF423F0681600F18B7E /* Debug */ = {
			isa = XCBuildConfiguration;
			baseConfigurationReference = CA9F3336F5A148285A03E30E /* Pods-WoMoPlaces-WoMoPlacesUITests.debug.xcconfig */;
			buildSettings = {
				ALWAYS_EMBED_SWIFT_STANDARD_LIBRARIES = YES;
				CODE_SIGN_STYLE = Automatic;
				DEVELOPMENT_TEAM = 6GGU8ET2C4;
				INFOPLIST_FILE = WoMoPlacesUITests/Info.plist;
				LD_RUNPATH_SEARCH_PATHS = (
					"$(inherited)",
					"@executable_path/Frameworks",
					"@loader_path/Frameworks",
				);
				PRODUCT_BUNDLE_IDENTIFIER = "com.b-velop.WoMoPlacesUITests";
				PRODUCT_NAME = "$(TARGET_NAME)";
				SWIFT_VERSION = 5.0;
				TARGETED_DEVICE_FAMILY = "1,2";
				TEST_TARGET_NAME = WoMoPlaces;
			};
			name = Debug;
		};
		1F301DF523F0681600F18B7E /* Release */ = {
			isa = XCBuildConfiguration;
			baseConfigurationReference = E381F419F3D197BBEDDBFC15 /* Pods-WoMoPlaces-WoMoPlacesUITests.release.xcconfig */;
			buildSettings = {
				ALWAYS_EMBED_SWIFT_STANDARD_LIBRARIES = YES;
				CODE_SIGN_STYLE = Automatic;
				DEVELOPMENT_TEAM = 6GGU8ET2C4;
				INFOPLIST_FILE = WoMoPlacesUITests/Info.plist;
				LD_RUNPATH_SEARCH_PATHS = (
					"$(inherited)",
					"@executable_path/Frameworks",
					"@loader_path/Frameworks",
				);
				PRODUCT_BUNDLE_IDENTIFIER = "com.b-velop.WoMoPlacesUITests";
				PRODUCT_NAME = "$(TARGET_NAME)";
				SWIFT_VERSION = 5.0;
				TARGETED_DEVICE_FAMILY = "1,2";
				TEST_TARGET_NAME = WoMoPlaces;
			};
			name = Release;
		};
/* End XCBuildConfiguration section */

/* Begin XCConfigurationList section */
		1F301DBB23F0681300F18B7E /* Build configuration list for PBXProject "WoMoPlaces" */ = {
			isa = XCConfigurationList;
			buildConfigurations = (
				1F301DEB23F0681600F18B7E /* Debug */,
				1F301DEC23F0681600F18B7E /* Release */,
			);
			defaultConfigurationIsVisible = 0;
			defaultConfigurationName = Release;
		};
		1F301DED23F0681600F18B7E /* Build configuration list for PBXNativeTarget "WoMoPlaces" */ = {
			isa = XCConfigurationList;
			buildConfigurations = (
				1F301DEE23F0681600F18B7E /* Debug */,
				1F301DEF23F0681600F18B7E /* Release */,
			);
			defaultConfigurationIsVisible = 0;
			defaultConfigurationName = Release;
		};
		1F301DF023F0681600F18B7E /* Build configuration list for PBXNativeTarget "WoMoPlacesTests" */ = {
			isa = XCConfigurationList;
			buildConfigurations = (
				1F301DF123F0681600F18B7E /* Debug */,
				1F301DF223F0681600F18B7E /* Release */,
			);
			defaultConfigurationIsVisible = 0;
			defaultConfigurationName = Release;
		};
		1F301DF323F0681600F18B7E /* Build configuration list for PBXNativeTarget "WoMoPlacesUITests" */ = {
			isa = XCConfigurationList;
			buildConfigurations = (
				1F301DF423F0681600F18B7E /* Debug */,
				1F301DF523F0681600F18B7E /* Release */,
			);
			defaultConfigurationIsVisible = 0;
			defaultConfigurationName = Release;
		};
/* End XCConfigurationList section */

/* Begin XCVersionGroup section */
		1F301DC723F0681300F18B7E /* WoMoPlaces.xcdatamodeld */ = {
			isa = XCVersionGroup;
			children = (
				1F301DC823F0681300F18B7E /* WoMoPlaces.xcdatamodel */,
			);
			currentVersion = 1F301DC823F0681300F18B7E /* WoMoPlaces.xcdatamodel */;
			path = WoMoPlaces.xcdatamodeld;
			sourceTree = "<group>";
			versionGroupType = wrapper.xcdatamodel;
		};
/* End XCVersionGroup section */
	};
	rootObject = 1F301DB823F0681300F18B7E /* Project object */;
}
